
Microsoft Visual Studio Solution File, Format Version 12.00
# Visual Studio Version 17
VisualStudioVersion = 17.7.34031.279
MinimumVisualStudioVersion = 10.0.40219.1
Project("{9A19103F-16F7-4668-BE54-9A1E7A4F7556}") = "CH34x_Config", "CH34x_Config\CH34x_Config.csproj", "{6E468311-0A40-4FAE-BADD-D12905B2E891}"
EndProject
Global
	GlobalSection(SolutionConfigurationPlatforms) = preSolution
		Debug|Any CPU = Debug|Any CPU
		Debug|x86 = Debug|x86
		Release|Any CPU = Release|Any CPU
		Release|x86 = Release|x86
	EndGlobalSection
	GlobalSection(ProjectConfigurationPlatforms) = postSolution
		{6E468311-0A40-4FAE-BADD-D12905B2E891}.Debug|Any CPU.ActiveCfg = Debug|Any CPU
		{6E468311-0A40-4FAE-BADD-D12905B2E891}.Debug|Any CPU.Build.0 = Debug|Any CPU
		{6E468311-0A40-4FAE-BADD-D12905B2E891}.Debug|x86.ActiveCfg = Debug|x86
		{6E468311-0A40-4FAE-BADD-D12905B2E891}.Debug|x86.Build.0 = Debug|x86
		{6E468311-0A40-4FAE-BADD-D12905B2E891}.Release|Any CPU.ActiveCfg = Release|Any CPU
		{6E468311-0A40-4FAE-BADD-D12905B2E891}.Release|Any CPU.Build.0 = Release|Any CPU
		{6E468311-0A40-4FAE-BADD-D12905B2E891}.Release|x86.ActiveCfg = Release|x86
		{6E468311-0A40-4FAE-BADD-D12905B2E891}.Release|x86.Build.0 = Release|x86
	EndGlobalSection
	GlobalSection(SolutionProperties) = preSolution
		HideSolutionNode = FALSE
	EndGlobalSection
	GlobalSection(ExtensibilityGlobals) = postSolution
		SolutionGuid = {06526B04-61BD-4550-9E77-11DA2779068E}
	EndGlobalSection
EndGlobal
